
Microsoft Visual Studio Solution File, Format Version 12.00
Project("{2150E333-8FDC-42A3-9474-1A3956D46DE8}") = "src", "src", "{8042C98B-F237-479F-8204-CD9258E10136}"
EndProject
Project("{FAE04EC0-301F-11D3-BF4B-00C04F79EFBC}") = "Domain", "src\Domain\Domain.csproj", "{4C17986A-3B4C-47DD-AE17-452301D26CA8}"
EndProject
Project("{FAE04EC0-301F-11D3-BF4B-00C04F79EFBC}") = "Application", "src\Application\Application.csproj", "{7AF0906F-CC2C-43A1-B623-B681E1E4EA16}"
EndProject
Project("{FAE04EC0-301F-11D3-BF4B-00C04F79EFBC}") = "Infrastructure", "src\Infrastructure\Infrastructure.csproj", "{1330667C-C97B-4809-AA16-F086F429DB25}"
EndProject
Project("{2150E333-8FDC-42A3-9474-1A3956D46DE8}") = "test", "test", "{BC96E605-9B98-4D78-A459-02202B773B68}"
EndProject
Project("{FAE04EC0-301F-11D3-BF4B-00C04F79EFBC}") = "Application.UnitTests", "test\Application.UnitTests\Application.UnitTests.csproj", "{972863BC-6AC7-4568-933E-4DA0CBC44A14}"
EndProject
Global
	GlobalSection(SolutionConfigurationPlatforms) = preSolution
		Debug|Any CPU = Debug|Any CPU
		Release|Any CPU = Release|Any CPU
	EndGlobalSection
	GlobalSection(ProjectConfigurationPlatforms) = postSolution
		{4C17986A-3B4C-47DD-AE17-452301D26CA8}.Debug|Any CPU.ActiveCfg = Debug|Any CPU
		{4C17986A-3B4C-47DD-AE17-452301D26CA8}.Debug|Any CPU.Build.0 = Debug|Any CPU
		{4C17986A-3B4C-47DD-AE17-452301D26CA8}.Release|Any CPU.ActiveCfg = Release|Any CPU
		{4C17986A-3B4C-47DD-AE17-452301D26CA8}.Release|Any CPU.Build.0 = Release|Any CPU
		{7AF0906F-CC2C-43A1-B623-B681E1E4EA16}.Debug|Any CPU.ActiveCfg = Debug|Any CPU
		{7AF0906F-CC2C-43A1-B623-B681E1E4EA16}.Debug|Any CPU.Build.0 = Debug|Any CPU
		{7AF0906F-CC2C-43A1-B623-B681E1E4EA16}.Release|Any CPU.ActiveCfg = Release|Any CPU
		{7AF0906F-CC2C-43A1-B623-B681E1E4EA16}.Release|Any CPU.Build.0 = Release|Any CPU
		{1330667C-C97B-4809-AA16-F086F429DB25}.Debug|Any CPU.ActiveCfg = Debug|Any CPU
		{1330667C-C97B-4809-AA16-F086F429DB25}.Debug|Any CPU.Build.0 = Debug|Any CPU
		{1330667C-C97B-4809-AA16-F086F429DB25}.Release|Any CPU.ActiveCfg = Release|Any CPU
		{1330667C-C97B-4809-AA16-F086F429DB25}.Release|Any CPU.Build.0 = Release|Any CPU
		{972863BC-6AC7-4568-933E-4DA0CBC44A14}.Debug|Any CPU.ActiveCfg = Debug|Any CPU
		{972863BC-6AC7-4568-933E-4DA0CBC44A14}.Debug|Any CPU.Build.0 = Debug|Any CPU
		{972863BC-6AC7-4568-933E-4DA0CBC44A14}.Release|Any CPU.ActiveCfg = Release|Any CPU
		{972863BC-6AC7-4568-933E-4DA0CBC44A14}.Release|Any CPU.Build.0 = Release|Any CPU
	EndGlobalSection
	GlobalSection(NestedProjects) = preSolution
		{4C17986A-3B4C-47DD-AE17-452301D26CA8} = {8042C98B-F237-479F-8204-CD9258E10136}
		{7AF0906F-CC2C-43A1-B623-B681E1E4EA16} = {8042C98B-F237-479F-8204-CD9258E10136}
		{1330667C-C97B-4809-AA16-F086F429DB25} = {8042C98B-F237-479F-8204-CD9258E10136}
		{972863BC-6AC7-4568-933E-4DA0CBC44A14} = {BC96E605-9B98-4D78-A459-02202B773B68}
	EndGlobalSection
EndGlobal
